{
  "nodes": {
    "flake-utils": {
      "locked": {
        "lastModified": 1667395993,
        "narHash": "sha256-nuEHfE/LcWyuSWnS8t12N1wc105Qtau+/OdUAjtQ0rA=",
        "owner": "numtide",
        "repo": "flake-utils",
        "rev": "5aed5285a952e0b949eb3ba02c12fa4fcfef535f",
        "type": "github"
      },
      "original": {
        "owner": "numtide",
        "repo": "flake-utils",
        "type": "github"
      }
    },
    "neovim": {
      "inputs": {
        "flake-utils": [
          "flake-utils"
        ],
        "nixpkgs": [
          "nixpkgs"
        ]
      },
      "locked": {
        "dir": "contrib",
        "lastModified": 1676743598,
        "narHash": "sha256-Dur62nGsts2x5PfO1NaiqWsc7HWYefrnxIh2u62bJJo=",
        "owner": "neovim",
        "repo": "neovim",
        "rev": "db849517c613733fb2959d43e6d10d5d98d5033d",
        "type": "github"
      },
      "original": {
        "dir": "contrib",
        "owner": "neovim",
        "repo": "neovim",
        "type": "github"
      }
    },
    "nixpkgs": {
      "locked": {
        "lastModified": 1675062963,
        "narHash": "sha256-a3IQvBtrwzgBWnLvY08VLCUKkF4bAb1DTgMtyJ+jmWc=",
        "owner": "nixos",
        "repo": "nixpkgs",
        "rev": "1badc6db75d797f53c77d18d89c4eb8616d205cc",
        "type": "github"
      },
      "original": {
        "owner": "nixos",
        "ref": "nixpkgs-unstable",
        "repo": "nixpkgs",
        "type": "github"
      }
    },
    "root": {
      "inputs": {
        "flake-utils": "flake-utils",
        "neovim": "neovim",
        "nixpkgs": "nixpkgs",
        "themenix": "themenix"
      }
    },
    "themenix": {
      "inputs": {
        "flake-utils": [
          "flake-utils"
        ],
        "nixpkgs": [
          "nixpkgs"
        ]
      },
      "locked": {
        "lastModified": 1675121771,
        "narHash": "sha256-1ViEge/Ch70zhJ2DcY4mBi7iG8WGlKhmoiaOtn0ingc=",
        "owner": "veryaery",
        "repo": "themenix",
        "rev": "eec4daf54bdbc5c81414e464d98bba72005531ac",
        "type": "github"
      },
      "original": {
        "owner": "veryaery",
        "repo": "themenix",
        "type": "github"
      }
    }
  },
  "root": "root",
  "version": 7
}
